# THIS IS AN AUTOGENERATED FILE. DO NOT EDIT THIS FILE DIRECTLY.
# yarn lockfile v1


"@cronvel/get-pixels@^3.4.0":
  version "3.4.0"
  resolved "https://registry.yarnpkg.com/@cronvel/get-pixels/-/get-pixels-3.4.0.tgz#697cd691c16bbb8b29ed596da73fd6a7e9a2f34d"
  integrity sha512-do5jDoX9oCR/dGHE4POVQ3PYDCmQ2Fow4CA72UL4WoE8zUImA/0lChczjfl+ucNjE4sXFWUnzoO6j4WzrUvLnw==
  dependencies:
    jpeg-js "^0.4.1"
    ndarray "^1.0.19"
    ndarray-pack "^1.1.1"
    node-bitmap "0.0.1"
    omggif "^1.0.10"
    pngjs "^5.0.0"

"@messageformat/core@^3.0.0":
  version "3.0.1"
  resolved "https://registry.yarnpkg.com/@messageformat/core/-/core-3.0.1.tgz#191e12cf9643704d1fd32e592a3fbdc194dd588e"
  integrity sha512-yxj2+0e46hcZqJfNf0ZYbC2q6WlcGoh4g11mCyRtTueR0AD8F9z4JMYAS1aOiFG8Vl1LZg/h5hZHKmWTAyZq8g==
  dependencies:
    "@messageformat/date-skeleton" "^1.0.0"
    "@messageformat/number-skeleton" "^1.0.0"
    "@messageformat/parser" "^5.0.0"
    "@messageformat/runtime" "^3.0.1"
    make-plural "^7.0.0"
    safe-identifier "^0.4.1"

"@messageformat/date-skeleton@^1.0.0":
  version "1.0.1"
  resolved "https://registry.yarnpkg.com/@messageformat/date-skeleton/-/date-skeleton-1.0.1.tgz#980b8babe21a11433b6e1e8f6dc8c4cae4f5f56b"
  integrity sha512-jPXy8fg+WMPIgmGjxSlnGJn68h/2InfT0TNSkVx0IGXgp4ynnvYkbZ51dGWmGySEK+pBiYUttbQdu5XEqX5CRg==

"@messageformat/number-skeleton@^1.0.0":
  version "1.1.0"
  resolved "https://registry.yarnpkg.com/@messageformat/number-skeleton/-/number-skeleton-1.1.0.tgz#eb636738da8abbd35ccbeb84f7d84d63302aeb61"
  integrity sha512-F0Io+GOSvFFxvp9Ze3L5kAoZ2NnOAT0Mr/jpGNd3fqo8A0t4NxNIAcCdggtl2B/gN2ErkIKSBVPrF7xcW1IGvA==

"@messageformat/parser@^5.0.0":
  version "5.0.0"
  resolved "https://registry.yarnpkg.com/@messageformat/parser/-/parser-5.0.0.tgz#5737e69d7d4a469998b527710f1891174fc1b262"
  integrity sha512-WiDKhi8F0zQaFU8cXgqq69eYFarCnTVxKcvhAONufKf0oUxbqLMW6JX6rV4Hqh+BEQWGyKKKHY4g1XA6bCLylA==
  dependencies:
    moo "^0.5.1"

"@messageformat/runtime@^3.0.1":
  version "3.0.1"
  resolved "https://registry.yarnpkg.com/@messageformat/runtime/-/runtime-3.0.1.tgz#94d1f6c43265c28ef7aed98ecfcc0968c6c849ac"
  integrity sha512-6RU5ol2lDtO8bD9Yxe6CZkl0DArdv0qkuoZC+ZwowU+cdRlVE1157wjCmlA5Rsf1Xc/brACnsZa5PZpEDfTFFg==
  dependencies:
    make-plural "^7.0.0"

boolean@^3.1.4:
  version "3.2.0"
  resolved "https://registry.yarnpkg.com/boolean/-/boolean-3.2.0.tgz#9e5294af4e98314494cbb17979fa54ca159f116b"
  integrity sha512-d0II/GO9uf9lfUHH2BQsjxzRJZBdsjgsBiW4BvhWk/3qoKwQFjIDVN19PfX8F2D/r9PCMTtLWjYVCFrpeYUzsw==

chroma-js@^2.1.2:
  version "2.4.2"
  resolved "https://registry.yarnpkg.com/chroma-js/-/chroma-js-2.4.2.tgz#dffc214ed0c11fa8eefca2c36651d8e57cbfb2b0"
  integrity sha512-U9eDw6+wt7V8z5NncY2jJfZa+hUH8XEj8FQHgFJTrUFnJfXYf4Ml4adI2vXZOjqRDpFWtYVWypDfZwnJ+HIR4A==

cwise-compiler@^1.1.2:
  version "1.1.3"
  resolved "https://registry.yarnpkg.com/cwise-compiler/-/cwise-compiler-1.1.3.tgz#f4d667410e850d3a313a7d2db7b1e505bb034cc5"
  integrity sha512-WXlK/m+Di8DMMcCjcWr4i+XzcQra9eCdXIJrgh4TUgh0pIS/yJduLxS9JgefsHJ/YVLdgPtXm9r62W92MvanEQ==
  dependencies:
    uniq "^1.0.0"

debug@^4.3.3:
  version "4.3.4"
  resolved "https://registry.yarnpkg.com/debug/-/debug-4.3.4.tgz#1319f6579357f2338d3337d2cdd4914bb5dcc865"
  integrity sha512-PRWFHuSU3eDtQJPvnNY7Jcket1j0t5OuOsFzPPzsekD52Zl8qUfFIPEiswXqIvHWGVHOgX+7G/vCNNhehwxfkQ==
  dependencies:
    ms "2.1.2"

fast-printf@^1.6.9:
  version "1.6.9"
  resolved "https://registry.yarnpkg.com/fast-printf/-/fast-printf-1.6.9.tgz#212f56570d2dc8ccdd057ee93d50dd414d07d676"
  integrity sha512-FChq8hbz65WMj4rstcQsFB0O7Cy++nmbNfLYnD9cYv2cRn8EG6k/MGn9kO/tjO66t09DLDugj3yL+V2o6Qftrg==
  dependencies:
    boolean "^3.1.4"

figlet@^1.5.2:
  version "1.5.2"
  resolved "https://registry.yarnpkg.com/figlet/-/figlet-1.5.2.tgz#dda34ff233c9a48e36fcff6741aeb5bafe49b634"
  integrity sha512-WOn21V8AhyE1QqVfPIVxe3tupJacq1xGkPTB4iagT6o+P2cAgEOOwIxMftr4+ZCTI6d551ij9j61DFr0nsP2uQ==

i18n@^0.15.0:
  version "0.15.0"
  resolved "https://registry.yarnpkg.com/i18n/-/i18n-0.15.0.tgz#dca7a498a4371874db01f6610381a412897306eb"
  integrity sha512-TUOkuFbl8Y/q7zF0tHdtpk1/TtxH0T+Drp2NFrHhmN1Qs0Sob9/0uVLS2BPVkEXNh2jZrimOiFJk+tkaOumzog==
  dependencies:
    "@messageformat/core" "^3.0.0"
    debug "^4.3.3"
    fast-printf "^1.6.9"
    make-plural "^7.0.0"
    math-interval-parser "^2.0.1"
    mustache "^4.2.0"

iota-array@^1.0.0:
  version "1.0.0"
  resolved "https://registry.yarnpkg.com/iota-array/-/iota-array-1.0.0.tgz#81ef57fe5d05814cd58c2483632a99c30a0e8087"
  integrity sha512-pZ2xT+LOHckCatGQ3DcG/a+QuEqvoxqkiL7tvE8nn3uuu+f6i1TtpB5/FtWFbxUuVr5PZCx8KskuGatbJDXOWA==

is-buffer@^1.0.2:
  version "1.1.6"
  resolved "https://registry.yarnpkg.com/is-buffer/-/is-buffer-1.1.6.tgz#efaa2ea9daa0d7ab2ea13a97b2b8ad51fefbe8be"
  integrity sha512-NcdALwpXkTm5Zvvbk7owOUSvVvBKDgKP5/ewfXEznmQFfs4ZRmanOeKBTjRVjka3QFoN6XJ+9F3USqfHqTaU5w==

jpeg-js@^0.4.1:
  version "0.4.4"
  resolved "https://registry.yarnpkg.com/jpeg-js/-/jpeg-js-0.4.4.tgz#a9f1c6f1f9f0fa80cdb3484ed9635054d28936aa"
  integrity sha512-WZzeDOEtTOBK4Mdsar0IqEU5sMr3vSV2RqkAIzUEV2BHnUfKGyswWFPFwK5EeDo93K3FohSHbLAjj0s1Wzd+dg==

lazyness@^1.2.0:
  version "1.2.0"
  resolved "https://registry.yarnpkg.com/lazyness/-/lazyness-1.2.0.tgz#5dc0f02c37280436b21f0e4918ce6e72a109c657"
  integrity sha512-KenL6EFbwxBwRxG93t0gcUyi0Nw0Ub31FJKN1laA4UscdkL1K1AxUd0gYZdcLU3v+x+wcFi4uQKS5hL+fk500g==

make-plural@^7.0.0:
  version "7.1.0"
  resolved "https://registry.yarnpkg.com/make-plural/-/make-plural-7.1.0.tgz#8a0381ff8c9be4f074e0acdc42ec97639c2344f9"
  integrity sha512-PKkwVlAxYVo98NrbclaQIT4F5Oy+X58PZM5r2IwUSCe3syya6PXkIRCn2XCdz7p58Scgpp50PBeHmepXVDG3hg==

math-interval-parser@^2.0.1:
  version "2.0.1"
  resolved "https://registry.yarnpkg.com/math-interval-parser/-/math-interval-parser-2.0.1.tgz#e22cd6d15a0a7f4c03aec560db76513da615bed4"
  integrity sha512-VmlAmb0UJwlvMyx8iPhXUDnVW1F9IrGEd9CIOmv+XL8AErCUUuozoDMrgImvnYt2A+53qVX/tPW6YJurMKYsvA==

moo@^0.5.1:
  version "0.5.1"
  resolved "https://registry.yarnpkg.com/moo/-/moo-0.5.1.tgz#7aae7f384b9b09f620b6abf6f74ebbcd1b65dbc4"
  integrity sha512-I1mnb5xn4fO80BH9BLcF0yLypy2UKl+Cb01Fu0hJRkJjlCRtxZMWkTdAtDd5ZqCOxtCkhmRwyI57vWT+1iZ67w==

ms@2.1.2:
  version "2.1.2"
  resolved "https://registry.yarnpkg.com/ms/-/ms-2.1.2.tgz#d09d1f357b443f493382a8eb3ccd183872ae6009"
  integrity sha512-sGkPx+VjMtmA6MX27oA4FBFELFCZZ4S4XqeGOXCv68tT+jb3vk/RyaKWP0PTKyWtmLSM0b+adUTEvbs1PEaH2w==

mustache@^4.2.0:
  version "4.2.0"
  resolved "https://registry.yarnpkg.com/mustache/-/mustache-4.2.0.tgz#e5892324d60a12ec9c2a73359edca52972bf6f64"
  integrity sha512-71ippSywq5Yb7/tVYyGbkBggbU8H3u5Rz56fH60jGFgr8uHwxs+aSKeqmluIVzM0m0kB7xQjKS6qPfd0b2ZoqQ==

ndarray-pack@^1.1.1:
  version "1.2.1"
  resolved "https://registry.yarnpkg.com/ndarray-pack/-/ndarray-pack-1.2.1.tgz#8caebeaaa24d5ecf70ff86020637977da8ee585a"
  integrity sha512-51cECUJMT0rUZNQa09EoKsnFeDL4x2dHRT0VR5U2H5ZgEcm95ZDWcMA5JShroXjHOejmAD/fg8+H+OvUnVXz2g==
  dependencies:
    cwise-compiler "^1.1.2"
    ndarray "^1.0.13"

ndarray@^1.0.13, ndarray@^1.0.19:
  version "1.0.19"
  resolved "https://registry.yarnpkg.com/ndarray/-/ndarray-1.0.19.tgz#6785b5f5dfa58b83e31ae5b2a058cfd1ab3f694e"
  integrity sha512-B4JHA4vdyZU30ELBw3g7/p9bZupyew5a7tX1Y/gGeF2hafrPaQZhgrGQfsvgfYbgdFZjYwuEcnaobeM/WMW+HQ==
  dependencies:
    iota-array "^1.0.0"
    is-buffer "^1.0.2"

nextgen-events@^1.5.2:
  version "1.5.2"
  resolved "https://registry.yarnpkg.com/nextgen-events/-/nextgen-events-1.5.2.tgz#72b2b6cbe6912d9be2165188d0169027e65d8ebe"
  integrity sha512-0ZEIRQywH5Oxt2IYYufRltQg/KjXhKM7f7MHve+ZIRaKnIR1PPYEXAl2WBmej5Sf0Qh2GgE/21sMRZVuOyxLzw==

node-bitmap@0.0.1:
  version "0.0.1"
  resolved "https://registry.yarnpkg.com/node-bitmap/-/node-bitmap-0.0.1.tgz#180eac7003e0c707618ef31368f62f84b2a69091"
  integrity sha512-Jx5lPaaLdIaOsj2mVLWMWulXF6GQVdyLvNSxmiYCvZ8Ma2hfKX0POoR2kgKOqz+oFsRreq0yYZjQ2wjE9VNzCA==

omggif@^1.0.10:
  version "1.0.10"
  resolved "https://registry.yarnpkg.com/omggif/-/omggif-1.0.10.tgz#ddaaf90d4a42f532e9e7cb3a95ecdd47f17c7b19"
  integrity sha512-LMJTtvgc/nugXj0Vcrrs68Mn2D1r0zf630VNtqtpI1FEO7e+O9FP4gqs9AcnBaSEeoHIPm28u6qgPR0oyEpGSw==

pngjs@^5.0.0:
  version "5.0.0"
  resolved "https://registry.yarnpkg.com/pngjs/-/pngjs-5.0.0.tgz#e79dd2b215767fd9c04561c01236df960bce7fbb"
  integrity sha512-40QW5YalBNfQo5yRYmiw7Yz6TKKVr3h6970B2YE+3fQpsWcrbj1PzJgxeJ19DRQjhMbKPIuMY8rFaXc8moolVw==

prettier@^2.7.1:
  version "2.7.1"
  resolved "https://registry.yarnpkg.com/prettier/-/prettier-2.7.1.tgz#e235806850d057f97bb08368a4f7d899f7760c64"
  integrity sha512-ujppO+MkdPqoVINuDFDRLClm7D78qbDt0/NR+wp5FqEZOoTNAjPHWj17QRhu7geIHJfcNhRk1XVQmF8Bp3ye+g==

safe-identifier@^0.4.1:
  version "0.4.2"
  resolved "https://registry.yarnpkg.com/safe-identifier/-/safe-identifier-0.4.2.tgz#cf6bfca31c2897c588092d1750d30ef501d59fcb"
  integrity sha512-6pNbSMW6OhAi9j+N8V+U715yBQsaWJ7eyEUaOrawX+isg5ZxhUlV1NipNtgaKHmFGiABwt+ZF04Ii+3Xjkg+8w==

setimmediate@^1.0.5:
  version "1.0.5"
  resolved "https://registry.yarnpkg.com/setimmediate/-/setimmediate-1.0.5.tgz#290cbb232e306942d7d7ea9b83732ab7856f8285"
  integrity sha512-MATJdZp8sLqDl/68LfQmbP8zKPLQNV6BIZoIgrscFDQ+RsvK/BxeDQOgyxKKoh0y/8h3BqVFnCqQ/gd+reiIXA==

seventh@^0.7.40:
  version "0.7.40"
  resolved "https://registry.yarnpkg.com/seventh/-/seventh-0.7.40.tgz#a5a010496cb84421bb81f524840484a5aa473be9"
  integrity sha512-7sxUydQx4iEh17uJUFjZDAwbffJirldZaNIJvVB/hk9mPEL3J4GpLGSL+mHFH2ydkye46DAsLGqzFJ+/Qj5foQ==
  dependencies:
    setimmediate "^1.0.5"

string-kit@^0.16.0:
  version "0.16.6"
  resolved "https://registry.yarnpkg.com/string-kit/-/string-kit-0.16.6.tgz#744d8fa5ace8d5fd53d8e5a9d5fb9b672cf1c83a"
  integrity sha512-lPRXwTD+xH9GmHiD8di+iYtLtxO6xcKBDxEa2rCdENHqwuQY40UuFJYyi5CssKTUfzFqQ2fcUufPXaeI5uWAzA==

terminal-kit@^2.4.0:
  version "2.4.0"
  resolved "https://registry.yarnpkg.com/terminal-kit/-/terminal-kit-2.4.0.tgz#d572601ee3e25bcf1c05e223990436fce8f1a075"
  integrity sha512-lQCKNFYCaVoFM23pcurnQ7wOnsz4u588JNu2sfNOnB8IU6Tl4vdOdHNe7bL2aIiB0kA7m94gS4VI0+3CRI1G/A==
  dependencies:
    "@cronvel/get-pixels" "^3.4.0"
    chroma-js "^2.1.2"
    lazyness "^1.2.0"
    ndarray "^1.0.19"
    nextgen-events "^1.5.2"
    seventh "^0.7.40"
    string-kit "^0.16.0"
    tree-kit "^0.7.4"

tree-kit@^0.7.4:
  version "0.7.4"
  resolved "https://registry.yarnpkg.com/tree-kit/-/tree-kit-0.7.4.tgz#d6c9dba3e06188952282f196657f6bbbb454a39a"
  integrity sha512-Of3tPmVs3b6BhzyUJ7t0olisf47kYr9qAm0XaUpURMjdBn6TwiVaaMuTFoKkkvPGojd9trKAHlrGGcGKcdR1DA==

uniq@^1.0.0:
  version "1.0.1"
  resolved "https://registry.yarnpkg.com/uniq/-/uniq-1.0.1.tgz#b31c5ae8254844a3a8281541ce2b04b865a734ff"
  integrity sha512-Gw+zz50YNKPDKXs+9d+aKAjVwpjNwqzvNpLigIruT4HA9lMZNdMqs9x07kKHB/L9WRzqp4+DlTU5s4wG2esdoA==
